
Microsoft Visual Studio Solution File, Format Version 12.00
# Visual Studio Version 16
VisualStudioVersion = 16.0.29806.167
MinimumVisualStudioVersion = 10.0.40219.1
Project("{8BC9CEB8-8B4A-11D0-8D11-00A0C91BC942}") = "shapeInterface", "shapeInterface\shapeInterface.vcxproj", "{44D6AE96-0067-4FDF-8132-09DBCA33BA20}"
EndProject
Global
	GlobalSection(SolutionConfigurationPlatforms) = preSolution
		Debug|x64 = Debug|x64
		Debug|x86 = Debug|x86
		Release|x64 = Release|x64
		Release|x86 = Release|x86
	EndGlobalSection
	GlobalSection(ProjectConfigurationPlatforms) = postSolution
		{44D6AE96-0067-4FDF-8132-09DBCA33BA20}.Debug|x64.ActiveCfg = Debug|x64
		{44D6AE96-0067-4FDF-8132-09DBCA33BA20}.Debug|x64.Build.0 = Debug|x64
		{44D6AE96-0067-4FDF-8132-09DBCA33BA20}.Debug|x86.ActiveCfg = Debug|Win32
		{44D6AE96-0067-4FDF-8132-09DBCA33BA20}.Debug|x86.Build.0 = Debug|Win32
		{44D6AE96-0067-4FDF-8132-09DBCA33BA20}.Release|x64.ActiveCfg = Release|x64
		{44D6AE96-0067-4FDF-8132-09DBCA33BA20}.Release|x64.Build.0 = Release|x64
		{44D6AE96-0067-4FDF-8132-09DBCA33BA20}.Release|x86.ActiveCfg = Release|Win32
		{44D6AE96-0067-4FDF-8132-09DBCA33BA20}.Release|x86.Build.0 = Release|Win32
	EndGlobalSection
	GlobalSection(SolutionProperties) = preSolution
		HideSolutionNode = FALSE
	EndGlobalSection
	GlobalSection(ExtensibilityGlobals) = postSolution
		SolutionGuid = {6A5A2630-6412-42D8-885F-F1CCB9AF85C4}
	EndGlobalSection
EndGlobal
